// !$*UTF8*$!
{
	archiveVersion = 1;
	classes = {
	};
	objectVersion = 56;
	objects = {

/* Begin PBXBuildFile section */
		0351778D29A8C5850052737C /* AppDelegate.swift in Sources */ = {isa = PBXBuildFile; fileRef = 0351778C29A8C5850052737C /* AppDelegate.swift */; };
		0351778F29A8C5850052737C /* SceneDelegate.swift in Sources */ = {isa = PBXBuildFile; fileRef = 0351778E29A8C5850052737C /* SceneDelegate.swift */; };
		0351779129A8C5850052737C /* ViewController.swift in Sources */ = {isa = PBXBuildFile; fileRef = 0351779029A8C5850052737C /* ViewController.swift */; };
		0351779429A8C5850052737C /* Main.storyboard in Resources */ = {isa = PBXBuildFile; fileRef = 0351779229A8C5850052737C /* Main.storyboard */; };
		0351779629A8C5860052737C /* Assets.xcassets in Resources */ = {isa = PBXBuildFile; fileRef = 0351779529A8C5860052737C /* Assets.xcassets */; };
		0351779929A8C5860052737C /* LaunchScreen.storyboard in Resources */ = {isa = PBXBuildFile; fileRef = 0351779729A8C5860052737C /* LaunchScreen.storyboard */; };
		035177A429A8C5860052737C /* Lab2Tests.swift in Sources */ = {isa = PBXBuildFile; fileRef = 035177A329A8C5860052737C /* Lab2Tests.swift */; };
		035177AE29A8C5860052737C /* Lab2UITests.swift in Sources */ = {isa = PBXBuildFile; fileRef = 035177AD29A8C5860052737C /* Lab2UITests.swift */; };
		035177B029A8C5860052737C /* Lab2UITestsLaunchTests.swift in Sources */ = {isa = PBXBuildFile; fileRef = 035177AF29A8C5860052737C /* Lab2UITestsLaunchTests.swift */; };
/* End PBXBuildFile section */

/* Begin PBXContainerItemProxy section */
		035177A029A8C5860052737C /* PBXContainerItemProxy */ = {
			isa = PBXContainerItemProxy;
			containerPortal = 0351778129A8C5850052737C /* Project object */;
			proxyType = 1;
			remoteGlobalIDString = 0351778829A8C5850052737C;
			remoteInfo = Lab2;
		};
		035177AA29A8C5860052737C /* PBXContainerItemProxy */ = {
			isa = PBXContainerItemProxy;
			containerPortal = 0351778129A8C5850052737C /* Project object */;
			proxyType = 1;
			remoteGlobalIDString = 0351778829A8C5850052737C;
			remoteInfo = Lab2;
		};
/* End PBXContainerItemProxy section */

/* Begin PBXFileReference section */
		0351778929A8C5850052737C /* Lab2.app */ = {isa = PBXFileReference; explicitFileType = wrapper.application; includeInIndex = 0; path = Lab2.app; sourceTree = BUILT_PRODUCTS_DIR; };
		0351778C29A8C5850052737C /* AppDelegate.swift */ = {isa = PBXFileReference; lastKnownFileType = sourcecode.swift; path = AppDelegate.swift; sourceTree = "<group>"; };
		0351778E29A8C5850052737C /* SceneDelegate.swift */ = {isa = PBXFileReference; lastKnownFileType = sourcecode.swift; path = SceneDelegate.swift; sourceTree = "<group>"; };
		0351779029A8C5850052737C /* ViewController.swift */ = {isa = PBXFileReference; lastKnownFileType = sourcecode.swift; path = ViewController.swift; sourceTree = "<group>"; };
		0351779329A8C5850052737C /* Base */ = {isa = PBXFileReference; lastKnownFileType = file.storyboard; name = Base; path = Base.lproj/Main.storyboard; sourceTree = "<group>"; };
		0351779529A8C5860052737C /* Assets.xcassets */ = {isa = PBXFileReference; lastKnownFileType = folder.assetcatalog; path = Assets.xcassets; sourceTree = "<group>"; };
		0351779829A8C5860052737C /* Base */ = {isa = PBXFileReference; lastKnownFileType = file.storyboard; name = Base; path = Base.lproj/LaunchScreen.storyboard; sourceTree = "<group>"; };
		0351779A29A8C5860052737C /* Info.plist */ = {isa = PBXFileReference; lastKnownFileType = text.plist.xml; path = Info.plist; sourceTree = "<group>"; };
		0351779F29A8C5860052737C /* Lab2Tests.xctest */ = {isa = PBXFileReference; explicitFileType = wrapper.cfbundle; includeInIndex = 0; path = Lab2Tests.xctest; sourceTree = BUILT_PRODUCTS_DIR; };
		035177A329A8C5860052737C /* Lab2Tests.swift */ = {isa = PBXFileReference; lastKnownFileType = sourcecode.swift; path = Lab2Tests.swift; sourceTree = "<group>"; };
		035177A929A8C5860052737C /* Lab2UITests.xctest */ = {isa = PBXFileReference; explicitFileType = wrapper.cfbundle; includeInIndex = 0; path = Lab2UITests.xctest; sourceTree = BUILT_PRODUCTS_DIR; };
		035177AD29A8C5860052737C /* Lab2UITests.swift */ = {isa = PBXFileReference; lastKnownFileType = sourcecode.swift; path = Lab2UITests.swift; sourceTree = "<group>"; };
		035177AF29A8C5860052737C /* Lab2UITestsLaunchTests.swift */ = {isa = PBXFileReference; lastKnownFileType = sourcecode.swift; path = Lab2UITestsLaunchTests.swift; sourceTree = "<group>"; };
/* End PBXFileReference section */

/* Begin PBXFrameworksBuildPhase section */
		0351778629A8C5850052737C /* Frameworks */ = {
			isa = PBXFrameworksBuildPhase;
			buildActionMask = 2147483647;
			files = (
			);
			runOnlyForDeploymentPostprocessing = 0;
		};
		0351779C29A8C5860052737C /* Frameworks */ = {
			isa = PBXFrameworksBuildPhase;
			buildActionMask = 2147483647;
			files = (
			);
			runOnlyForDeploymentPostprocessing = 0;
		};
		035177A629A8C5860052737C /* Frameworks */ = {
			isa = PBXFrameworksBuildPhase;
			buildActionMask = 2147483647;
			files = (
			);
			runOnlyForDeploymentPostprocessing = 0;
		};
/* End PBXFrameworksBuildPhase section */

/* Begin PBXGroup section */
		0351778029A8C5850052737C = {
			isa = PBXGroup;
			children = (
				0351778B29A8C5850052737C /* Lab2 */,
				035177A229A8C5860052737C /* Lab2Tests */,
				035177AC29A8C5860052737C /* Lab2UITests */,
				0351778A29A8C5850052737C /* Products */,
			);
			sourceTree = "<group>";
		};
		0351778A29A8C5850052737C /* Products */ = {
			isa = PBXGroup;
			children = (
				0351778929A8C5850052737C /* Lab2.app */,
				0351779F29A8C5860052737C /* Lab2Tests.xctest */,
				035177A929A8C5860052737C /* Lab2UITests.xctest */,
			);
			name = Products;
			sourceTree = "<group>";
		};
		0351778B29A8C5850052737C /* Lab2 */ = {
			isa = PBXGroup;
			children = (
				0351778C29A8C5850052737C /* AppDelegate.swift */,
				0351778E29A8C5850052737C /* SceneDelegate.swift */,
				0351779029A8C5850052737C /* ViewController.swift */,
				0351779229A8C5850052737C /* Main.storyboard */,
				0351779529A8C5860052737C /* Assets.xcassets */,
				0351779729A8C5860052737C /* LaunchScreen.storyboard */,
				0351779A29A8C5860052737C /* Info.plist */,
			);
			path = Lab2;
			sourceTree = "<group>";
		};
		035177A229A8C5860052737C /* Lab2Tests */ = {
			isa = PBXGroup;
			children = (
				035177A329A8C5860052737C /* Lab2Tests.swift */,
			);
			path = Lab2Tests;
			sourceTree = "<group>";
		};
		035177AC29A8C5860052737C /* Lab2UITests */ = {
			isa = PBXGroup;
			children = (
				035177AD29A8C5860052737C /* Lab2UITests.swift */,
				035177AF29A8C5860052737C /* Lab2UITestsLaunchTests.swift */,
			);
			path = Lab2UITests;
			sourceTree = "<group>";
		};
/* End PBXGroup section */

/* Begin PBXNativeTarget section */
		0351778829A8C5850052737C /* Lab2 */ = {
			isa = PBXNativeTarget;
			buildConfigurationList = 035177B329A8C5860052737C /* Build configuration list for PBXNativeTarget "Lab2" */;
			buildPhases = (
				0351778529A8C5850052737C /* Sources */,
				0351778629A8C5850052737C /* Frameworks */,
				0351778729A8C5850052737C /* Resources */,
			);
			buildRules = (
			);
			dependencies = (
			);
			name = Lab2;
			productName = Lab2;
			productReference = 0351778929A8C5850052737C /* Lab2.app */;
			productType = "com.apple.product-type.application";
		};
		0351779E29A8C5860052737C /* Lab2Tests */ = {
			isa = PBXNativeTarget;
			buildConfigurationList = 035177B629A8C5860052737C /* Build configuration list for PBXNativeTarget "Lab2Tests" */;
			buildPhases = (
				0351779B29A8C5860052737C /* Sources */,
				0351779C29A8C5860052737C /* Frameworks */,
				0351779D29A8C5860052737C /* Resources */,
			);
			buildRules = (
			);
			dependencies = (
				035177A129A8C5860052737C /* PBXTargetDependency */,
			);
			name = Lab2Tests;
			productName = Lab2Tests;
			productReference = 0351779F29A8C5860052737C /* Lab2Tests.xctest */;
			productType = "com.apple.product-type.bundle.unit-test";
		};
		035177A829A8C5860052737C /* Lab2UITests */ = {
			isa = PBXNativeTarget;
			buildConfigurationList = 035177B929A8C5860052737C /* Build configuration list for PBXNativeTarget "Lab2UITests" */;
			buildPhases = (
				035177A529A8C5860052737C /* Sources */,
				035177A629A8C5860052737C /* Frameworks */,
				035177A729A8C5860052737C /* Resources */,
			);
			buildRules = (
			);
			dependencies = (
				035177AB29A8C5860052737C /* PBXTargetDependency */,
			);
			name = Lab2UITests;
			productName = Lab2UITests;
			productReference = 035177A929A8C5860052737C /* Lab2UITests.xctest */;
			productType = "com.apple.product-type.bundle.ui-testing";
		};
/* End PBXNativeTarget section */

/* Begin PBXProject section */
		0351778129A8C5850052737C /* Project object */ = {
			isa = PBXProject;
			attributes = {
				BuildIndependentTargetsInParallel = 1;
				LastSwiftUpdateCheck = 1420;
				LastUpgradeCheck = 1420;
				TargetAttributes = {
					0351778829A8C5850052737C = {
						CreatedOnToolsVersion = 14.2;
					};
					0351779E29A8C5860052737C = {
						CreatedOnToolsVersion = 14.2;
						TestTargetID = 0351778829A8C5850052737C;
					};
					035177A829A8C5860052737C = {
						CreatedOnToolsVersion = 14.2;
						TestTargetID = 0351778829A8C5850052737C;
					};
				};
			};
			buildConfigurationList = 0351778429A8C5850052737C /* Build configuration list for PBXProject "Lab2" */;
			compatibilityVersion = "Xcode 14.0";
			developmentRegion = en;
			hasScannedForEncodings = 0;
			knownRegions = (
				en,
				Base,
			);
			mainGroup = 0351778029A8C5850052737C;
			productRefGroup = 0351778A29A8C5850052737C /* Products */;
			projectDirPath = "";
			projectRoot = "";
			targets = (
				0351778829A8C5850052737C /* Lab2 */,
				0351779E29A8C5860052737C /* Lab2Tests */,
				035177A829A8C5860052737C /* Lab2UITests */,
			);
		};
/* End PBXProject section */

/* Begin PBXResourcesBuildPhase section */
		0351778729A8C5850052737C /* Resources */ = {
			isa = PBXResourcesBuildPhase;
			buildActionMask = 2147483647;
			files = (
				0351779929A8C5860052737C /* LaunchScreen.storyboard in Resources */,
				0351779629A8C5860052737C /* Assets.xcassets in Resources */,
				0351779429A8C5850052737C /* Main.storyboard in Resources */,
			);
			runOnlyForDeploymentPostprocessing = 0;
		};
		0351779D29A8C5860052737C /* Resources */ = {
			isa = PBXResourcesBuildPhase;
			buildActionMask = 2147483647;
			files = (
			);
			runOnlyForDeploymentPostprocessing = 0;
		};
		035177A729A8C5860052737C /* Resources */ = {
			isa = PBXResourcesBuildPhase;
			buildActionMask = 2147483647;
			files = (
			);
			runOnlyForDeploymentPostprocessing = 0;
		};
/* End PBXResourcesBuildPhase section */

/* Begin PBXSourcesBuildPhase section */
		0351778529A8C5850052737C /* Sources */ = {
			isa = PBXSourcesBuildPhase;
			buildActionMask = 2147483647;
			files = (
				0351779129A8C5850052737C /* ViewController.swift in Sources */,
				0351778D29A8C5850052737C /* AppDelegate.swift in Sources */,
				0351778F29A8C5850052737C /* SceneDelegate.swift in Sources */,
			);
			runOnlyForDeploymentPostprocessing = 0;
		};
		0351779B29A8C5860052737C /* Sources */ = {
			isa = PBXSourcesBuildPhase;
			buildActionMask = 2147483647;
			files = (
				035177A429A8C5860052737C /* Lab2Tests.swift in Sources */,
			);
			runOnlyForDeploymentPostprocessing = 0;
		};
		035177A529A8C5860052737C /* Sources */ = {
			isa = PBXSourcesBuildPhase;
			buildActionMask = 2147483647;
			files = (
				035177AE29A8C5860052737C /* Lab2UITests.swift in Sources */,
				035177B029A8C5860052737C /* Lab2UITestsLaunchTests.swift in Sources */,
			);
			runOnlyForDeploymentPostprocessing = 0;
		};
/* End PBXSourcesBuildPhase section */

/* Begin PBXTargetDependency section */
		035177A129A8C5860052737C /* PBXTargetDependency */ = {
			isa = PBXTargetDependency;
			target = 0351778829A8C5850052737C /* Lab2 */;
			targetProxy = 035177A029A8C5860052737C /* PBXContainerItemProxy */;
		};
		035177AB29A8C5860052737C /* PBXTargetDependency */ = {
			isa = PBXTargetDependency;
			target = 0351778829A8C5850052737C /* Lab2 */;
			targetProxy = 035177AA29A8C5860052737C /* PBXContainerItemProxy */;
		};
/* End PBXTargetDependency section */

/* Begin PBXVariantGroup section */
		0351779229A8C5850052737C /* Main.storyboard */ = {
			isa = PBXVariantGroup;
			children = (
				0351779329A8C5850052737C /* Base */,
			);
			name = Main.storyboard;
			sourceTree = "<group>";
		};
		0351779729A8C5860052737C /* LaunchScreen.storyboard */ = {
			isa = PBXVariantGroup;
			children = (
				0351779829A8C5860052737C /* Base */,
			);
			name = LaunchScreen.storyboard;
			sourceTree = "<group>";
		};
/* End PBXVariantGroup section */

/* Begin XCBuildConfiguration section */
		035177B129A8C5860052737C /* Debug */ = {
			isa = XCBuildConfiguration;
			buildSettings = {
				ALWAYS_SEARCH_USER_PATHS = NO;
				CLANG_ANALYZER_NONNULL = YES;
				CLANG_ANALYZER_NUMBER_OBJECT_CONVERSION = YES_AGGRESSIVE;
				CLANG_CXX_LANGUAGE_STANDARD = "gnu++20";
				CLANG_ENABLE_MODULES = YES;
				CLANG_ENABLE_OBJC_ARC = YES;
				CLANG_ENABLE_OBJC_WEAK = YES;
				CLANG_WARN_BLOCK_CAPTURE_AUTORELEASING = YES;
				CLANG_WARN_BOOL_CONVERSION = YES;
				CLANG_WARN_COMMA = YES;
				CLANG_WARN_CONSTANT_CONVERSION = YES;
				CLANG_WARN_DEPRECATED_OBJC_IMPLEMENTATIONS = YES;
				CLANG_WARN_DIRECT_OBJC_ISA_USAGE = YES_ERROR;
				CLANG_WARN_DOCUMENTATION_COMMENTS = YES;
				CLANG_WARN_EMPTY_BODY = YES;
				CLANG_WARN_ENUM_CONVERSION = YES;
				CLANG_WARN_INFINITE_RECURSION = YES;
				CLANG_WARN_INT_CONVERSION = YES;
				CLANG_WARN_NON_LITERAL_NULL_CONVERSION = YES;
				CLANG_WARN_OBJC_IMPLICIT_RETAIN_SELF = YES;
				CLANG_WARN_OBJC_LITERAL_CONVERSION = YES;
				CLANG_WARN_OBJC_ROOT_CLASS = YES_ERROR;
				CLANG_WARN_QUOTED_INCLUDE_IN_FRAMEWORK_HEADER = YES;
				CLANG_WARN_RANGE_LOOP_ANALYSIS = YES;
				CLANG_WARN_STRICT_PROTOTYPES = YES;
				CLANG_WARN_SUSPICIOUS_MOVE = YES;
				CLANG_WARN_UNGUARDED_AVAILABILITY = YES_AGGRESSIVE;
				CLANG_WARN_UNREACHABLE_CODE = YES;
				CLANG_WARN__DUPLICATE_METHOD_MATCH = YES;
				COPY_PHASE_STRIP = NO;
				DEBUG_INFORMATION_FORMAT = dwarf;
				ENABLE_STRICT_OBJC_MSGSEND = YES;
				ENABLE_TESTABILITY = YES;
				GCC_C_LANGUAGE_STANDARD = gnu11;
				GCC_DYNAMIC_NO_PIC = NO;
				GCC_NO_COMMON_BLOCKS = YES;
				GCC_OPTIMIZATION_LEVEL = 0;
				GCC_PREPROCESSOR_DEFINITIONS = (
					"DEBUG=1",
					"$(inherited)",
				);
				GCC_WARN_64_TO_32_BIT_CONVERSION = YES;
				GCC_WARN_ABOUT_RETURN_TYPE = YES_ERROR;
				GCC_WARN_UNDECLARED_SELECTOR = YES;
				GCC_WARN_UNINITIALIZED_AUTOS = YES_AGGRESSIVE;
				GCC_WARN_UNUSED_FUNCTION = YES;
				GCC_WARN_UNUSED_VARIABLE = YES;
				IPHONEOS_DEPLOYMENT_TARGET = 16.2;
				MTL_ENABLE_DEBUG_INFO = INCLUDE_SOURCE;
				MTL_FAST_MATH = YES;
				ONLY_ACTIVE_ARCH = YES;
				SDKROOT = iphoneos;
				SWIFT_ACTIVE_COMPILATION_CONDITIONS = DEBUG;
				SWIFT_OPTIMIZATION_LEVEL = "-Onone";
			};
			name = Debug;
		};
		035177B229A8C5860052737C /* Release */ = {
			isa = XCBuildConfiguration;
			buildSettings = {
				ALWAYS_SEARCH_USER_PATHS = NO;
				CLANG_ANALYZER_NONNULL = YES;
				CLANG_ANALYZER_NUMBER_OBJECT_CONVERSION = YES_AGGRESSIVE;
				CLANG_CXX_LANGUAGE_STANDARD = "gnu++20";
				CLANG_ENABLE_MODULES = YES;
				CLANG_ENABLE_OBJC_ARC = YES;
				CLANG_ENABLE_OBJC_WEAK = YES;
				CLANG_WARN_BLOCK_CAPTURE_AUTORELEASING = YES;
				CLANG_WARN_BOOL_CONVERSION = YES;
				CLANG_WARN_COMMA = YES;
				CLANG_WARN_CONSTANT_CONVERSION = YES;
				CLANG_WARN_DEPRECATED_OBJC_IMPLEMENTATIONS = YES;
				CLANG_WARN_DIRECT_OBJC_ISA_USAGE = YES_ERROR;
				CLANG_WARN_DOCUMENTATION_COMMENTS = YES;
				CLANG_WARN_EMPTY_BODY = YES;
				CLANG_WARN_ENUM_CONVERSION = YES;
				CLANG_WARN_INFINITE_RECURSION = YES;
				CLANG_WARN_INT_CONVERSION = YES;
				CLANG_WARN_NON_LITERAL_NULL_CONVERSION = YES;
				CLANG_WARN_OBJC_IMPLICIT_RETAIN_SELF = YES;
				CLANG_WARN_OBJC_LITERAL_CONVERSION = YES;
				CLANG_WARN_OBJC_ROOT_CLASS = YES_ERROR;
				CLANG_WARN_QUOTED_INCLUDE_IN_FRAMEWORK_HEADER = YES;
				CLANG_WARN_RANGE_LOOP_ANALYSIS = YES;
				CLANG_WARN_STRICT_PROTOTYPES = YES;
				CLANG_WARN_SUSPICIOUS_MOVE = YES;
				CLANG_WARN_UNGUARDED_AVAILABILITY = YES_AGGRESSIVE;
				CLANG_WARN_UNREACHABLE_CODE = YES;
				CLANG_WARN__DUPLICATE_METHOD_MATCH = YES;
				COPY_PHASE_STRIP = NO;
				DEBUG_INFORMATION_FORMAT = "dwarf-with-dsym";
				ENABLE_NS_ASSERTIONS = NO;
				ENABLE_STRICT_OBJC_MSGSEND = YES;
				GCC_C_LANGUAGE_STANDARD = gnu11;
				GCC_NO_COMMON_BLOCKS = YES;
				GCC_WARN_64_TO_32_BIT_CONVERSION = YES;
				GCC_WARN_ABOUT_RETURN_TYPE = YES_ERROR;
				GCC_WARN_UNDECLARED_SELECTOR = YES;
				GCC_WARN_UNINITIALIZED_AUTOS = YES_AGGRESSIVE;
				GCC_WARN_UNUSED_FUNCTION = YES;
				GCC_WARN_UNUSED_VARIABLE = YES;
				IPHONEOS_DEPLOYMENT_TARGET = 16.2;
				MTL_ENABLE_DEBUG_INFO = NO;
				MTL_FAST_MATH = YES;
				SDKROOT = iphoneos;
				SWIFT_COMPILATION_MODE = wholemodule;
				SWIFT_OPTIMIZATION_LEVEL = "-O";
				VALIDATE_PRODUCT = YES;
			};
			name = Release;
		};
		035177B429A8C5860052737C /* Debug */ = {
			isa = XCBuildConfiguration;
			buildSettings = {
				ASSETCATALOG_COMPILER_APPICON_NAME = AppIcon;
				ASSETCATALOG_COMPILER_GLOBAL_ACCENT_COLOR_NAME = AccentColor;
				CODE_SIGN_STYLE = Automatic;
				CURRENT_PROJECT_VERSION = 1;
				DEVELOPMENT_TEAM = 82XU5V5J3K;
				GENERATE_INFOPLIST_FILE = YES;
				INFOPLIST_FILE = Lab2/Info.plist;
				INFOPLIST_KEY_UIApplicationSupportsIndirectInputEvents = YES;
				INFOPLIST_KEY_UILaunchStoryboardName = LaunchScreen;
				INFOPLIST_KEY_UIMainStoryboardFile = Main;
				INFOPLIST_KEY_UISupportedInterfaceOrientations_iPad = "UIInterfaceOrientationPortrait UIInterfaceOrientationPortraitUpsideDown UIInterfaceOrientationLandscapeLeft UIInterfaceOrientationLandscapeRight";
				INFOPLIST_KEY_UISupportedInterfaceOrientations_iPhone = "UIInterfaceOrientationPortrait UIInterfaceOrientationLandscapeLeft UIInterfaceOrientationLandscapeRight";
				LD_RUNPATH_SEARCH_PATHS = (
					"$(inherited)",
					"@executable_path/Frameworks",
				);
				MARKETING_VERSION = 1.0;
				PRODUCT_BUNDLE_IDENTIFIER = Lab2.Lab2;
				PRODUCT_NAME = "$(TARGET_NAME)";
				SWIFT_EMIT_LOC_STRINGS = YES;
				SWIFT_VERSION = 5.0;
				TARGETED_DEVICE_FAMILY = "1,2";
			};
			name = Debug;
		};
		035177B529A8C5860052737C /* Release */ = {
			isa = XCBuildConfiguration;
			buildSettings = {
				ASSETCATALOG_COMPILER_APPICON_NAME = AppIcon;
				ASSETCATALOG_COMPILER_GLOBAL_ACCENT_COLOR_NAME = AccentColor;
				CODE_SIGN_STYLE = Automatic;
				CURRENT_PROJECT_VERSION = 1;
				DEVELOPMENT_TEAM = 82XU5V5J3K;
				GENERATE_INFOPLIST_FILE = YES;
				INFOPLIST_FILE = Lab2/Info.plist;
				INFOPLIST_KEY_UIApplicationSupportsIndirectInputEvents = YES;
				INFOPLIST_KEY_UILaunchStoryboardName = LaunchScreen;
				INFOPLIST_KEY_UIMainStoryboardFile = Main;
				INFOPLIST_KEY_UISupportedInterfaceOrientations_iPad = "UIInterfaceOrientationPortrait UIInterfaceOrientationPortraitUpsideDown UIInterfaceOrientationLandscapeLeft UIInterfaceOrientationLandscapeRight";
				INFOPLIST_KEY_UISupportedInterfaceOrientations_iPhone = "UIInterfaceOrientationPortrait UIInterfaceOrientationLandscapeLeft UIInterfaceOrientationLandscapeRight";
				LD_RUNPATH_SEARCH_PATHS = (
					"$(inherited)",
					"@executable_path/Frameworks",
				);
				MARKETING_VERSION = 1.0;
				PRODUCT_BUNDLE_IDENTIFIER = Lab2.Lab2;
				PRODUCT_NAME = "$(TARGET_NAME)";
				SWIFT_EMIT_LOC_STRINGS = YES;
				SWIFT_VERSION = 5.0;
				TARGETED_DEVICE_FAMILY = "1,2";
			};
			name = Release;
		};
		035177B729A8C5860052737C /* Debug */ = {
			isa = XCBuildConfiguration;
			buildSettings = {
				ALWAYS_EMBED_SWIFT_STANDARD_LIBRARIES = YES;
				BUNDLE_LOADER = "$(TEST_HOST)";
				CODE_SIGN_STYLE = Automatic;
				CURRENT_PROJECT_VERSION = 1;
				DEVELOPMENT_TEAM = 82XU5V5J3K;
				GENERATE_INFOPLIST_FILE = YES;
				IPHONEOS_DEPLOYMENT_TARGET = 16.2;
				MARKETING_VERSION = 1.0;
				PRODUCT_BUNDLE_IDENTIFIER = Lab2.Lab2Tests;
				PRODUCT_NAME = "$(TARGET_NAME)";
				SWIFT_EMIT_LOC_STRINGS = NO;
				SWIFT_VERSION = 5.0;
				TARGETED_DEVICE_FAMILY = "1,2";
				TEST_HOST = "$(BUILT_PRODUCTS_DIR)/Lab2.app/$(BUNDLE_EXECUTABLE_FOLDER_PATH)/Lab2";
			};
			name = Debug;
		};
		035177B829A8C5860052737C /* Release */ = {
			isa = XCBuildConfiguration;
			buildSettings = {
				ALWAYS_EMBED_SWIFT_STANDARD_LIBRARIES = YES;
				BUNDLE_LOADER = "$(TEST_HOST)";
				CODE_SIGN_STYLE = Automatic;
				CURRENT_PROJECT_VERSION = 1;
				DEVELOPMENT_TEAM = 82XU5V5J3K;
				GENERATE_INFOPLIST_FILE = YES;
				IPHONEOS_DEPLOYMENT_TARGET = 16.2;
				MARKETING_VERSION = 1.0;
				PRODUCT_BUNDLE_IDENTIFIER = Lab2.Lab2Tests;
				PRODUCT_NAME = "$(TARGET_NAME)";
				SWIFT_EMIT_LOC_STRINGS = NO;
				SWIFT_VERSION = 5.0;
				TARGETED_DEVICE_FAMILY = "1,2";
				TEST_HOST = "$(BUILT_PRODUCTS_DIR)/Lab2.app/$(BUNDLE_EXECUTABLE_FOLDER_PATH)/Lab2";
			};
			name = Release;
		};
		035177BA29A8C5860052737C /* Debug */ = {
			isa = XCBuildConfiguration;
			buildSettings = {
				ALWAYS_EMBED_SWIFT_STANDARD_LIBRARIES = YES;
				CODE_SIGN_STYLE = Automatic;
				CURRENT_PROJECT_VERSION = 1;
				DEVELOPMENT_TEAM = 82XU5V5J3K;
				GENERATE_INFOPLIST_FILE = YES;
				MARKETING_VERSION = 1.0;
				PRODUCT_BUNDLE_IDENTIFIER = Lab2.Lab2UITests;
				PRODUCT_NAME = "$(TARGET_NAME)";
				SWIFT_EMIT_LOC_STRINGS = NO;
				SWIFT_VERSION = 5.0;
				TARGETED_DEVICE_FAMILY = "1,2";
				TEST_TARGET_NAME = Lab2;
			};
			name = Debug;
		};
		035177BB29A8C5860052737C /* Release */ = {
			isa = XCBuildConfiguration;
			buildSettings = {
				ALWAYS_EMBED_SWIFT_STANDARD_LIBRARIES = YES;
				CODE_SIGN_STYLE = Automatic;
				CURRENT_PROJECT_VERSION = 1;
				DEVELOPMENT_TEAM = 82XU5V5J3K;
				GENERATE_INFOPLIST_FILE = YES;
				MARKETING_VERSION = 1.0;
				PRODUCT_BUNDLE_IDENTIFIER = Lab2.Lab2UITests;
				PRODUCT_NAME = "$(TARGET_NAME)";
				SWIFT_EMIT_LOC_STRINGS = NO;
				SWIFT_VERSION = 5.0;
				TARGETED_DEVICE_FAMILY = "1,2";
				TEST_TARGET_NAME = Lab2;
			};
			name = Release;
		};
/* End XCBuildConfiguration section */

/* Begin XCConfigurationList section */
		0351778429A8C5850052737C /* Build configuration list for PBXProject "Lab2" */ = {
			isa = XCConfigurationList;
			buildConfigurations = (
				035177B129A8C5860052737C /* Debug */,
				035177B229A8C5860052737C /* Release */,
			);
			defaultConfigurationIsVisible = 0;
			defaultConfigurationName = Release;
		};
		035177B329A8C5860052737C /* Build configuration list for PBXNativeTarget "Lab2" */ = {
			isa = XCConfigurationList;
			buildConfigurations = (
				035177B429A8C5860052737C /* Debug */,
				035177B529A8C5860052737C /* Release */,
			);
			defaultConfigurationIsVisible = 0;
			defaultConfigurationName = Release;
		};
		035177B629A8C5860052737C /* Build configuration list for PBXNativeTarget "Lab2Tests" */ = {
			isa = XCConfigurationList;
			buildConfigurations = (
				035177B729A8C5860052737C /* Debug */,
				035177B829A8C5860052737C /* Release */,
			);
			defaultConfigurationIsVisible = 0;
			defaultConfigurationName = Release;
		};
		035177B929A8C5860052737C /* Build configuration list for PBXNativeTarget "Lab2UITests" */ = {
			isa = XCConfigurationList;
			buildConfigurations = (
				035177BA29A8C5860052737C /* Debug */,
				035177BB29A8C5860052737C /* Release */,
			);
			defaultConfigurationIsVisible = 0;
			defaultConfigurationName = Release;
		};
/* End XCConfigurationList section */
	};
	rootObject = 0351778129A8C5850052737C /* Project object */;
}
